
Microsoft Visual Studio Solution File, Format Version 12.00
# Visual Studio Version 17
VisualStudioVersion = 17.14.37411.7
MinimumVisualStudioVersion = 10.0.40219.1
Project("{FAE04EC0-301F-11D3-BF4B-00C04F79EFBC}") = "RestoranAPiV2.WebApi", "RestoranAPiV2\RestoranAPiV2.WebApi.csproj", "{BF812D21-6CBA-40BE-873D-257163950516}"
EndProject
Project("{FAE04EC0-301F-11D3-BF4B-00C04F79EFBC}") = "RestoranApi22.WebUI", "RestoranApi22\RestoranApi22.WebUI.csproj", "{B669845C-590B-4A13-A75B-37C15659565A}"
EndProject
Global
	GlobalSection(SolutionConfigurationPlatforms) = preSolution
		Debug|Any CPU = Debug|Any CPU
		Release|Any CPU = Release|Any CPU
	EndGlobalSection
	GlobalSection(ProjectConfigurationPlatforms) = postSolution
		{BF812D21-6CBA-40BE-873D-257163950516}.Debug|Any CPU.ActiveCfg = Debug|Any CPU
		{BF812D21-6CBA-40BE-873D-257163950516}.Debug|Any CPU.Build.0 = Debug|Any CPU
		{BF812D21-6CBA-40BE-873D-257163950516}.Release|Any CPU.ActiveCfg = Release|Any CPU
		{BF812D21-6CBA-40BE-873D-257163950516}.Release|Any CPU.Build.0 = Release|Any CPU
		{B669845C-590B-4A13-A75B-37C15659565A}.Debug|Any CPU.ActiveCfg = Debug|Any CPU
		{B669845C-590B-4A13-A75B-37C15659565A}.Debug|Any CPU.Build.0 = Debug|Any CPU
		{B669845C-590B-4A13-A75B-37C15659565A}.Release|Any CPU.ActiveCfg = Release|Any CPU
		{B669845C-590B-4A13-A75B-37C15659565A}.Release|Any CPU.Build.0 = Release|Any CPU
	EndGlobalSection
	GlobalSection(SolutionProperties) = preSolution
		HideSolutionNode = FALSE
	EndGlobalSection
	GlobalSection(ExtensibilityGlobals) = postSolution
		SolutionGuid = {739C03A2-4F98-4CA5-94B8-50246952ED0C}
	EndGlobalSection
EndGlobal
